
Microsoft Visual Studio Solution File, Format Version 12.00
# Visual Studio Version 17
VisualStudioVersion = 17.7.34031.279
MinimumVisualStudioVersion = 10.0.40219.1
Project("{9A19103F-16F7-4668-BE54-9A1E7A4F7556}") = "BlazorAppWebAssembly", "BlazorAppWebAssembly\BlazorAppWebAssembly.csproj", "{8D83D834-7124-4EA7-BFB9-DDD78D5E3142}"
EndProject
Global
	GlobalSection(SolutionConfigurationPlatforms) = preSolution
		Debug|Any CPU = Debug|Any CPU
		Release|Any CPU = Release|Any CPU
	EndGlobalSection
	GlobalSection(ProjectConfigurationPlatforms) = postSolution
		{8D83D834-7124-4EA7-BFB9-DDD78D5E3142}.Debug|Any CPU.ActiveCfg = Debug|Any CPU
		{8D83D834-7124-4EA7-BFB9-DDD78D5E3142}.Debug|Any CPU.Build.0 = Debug|Any CPU
		{8D83D834-7124-4EA7-BFB9-DDD78D5E3142}.Release|Any CPU.ActiveCfg = Release|Any CPU
		{8D83D834-7124-4EA7-BFB9-DDD78D5E3142}.Release|Any CPU.Build.0 = Release|Any CPU
	EndGlobalSection
	GlobalSection(SolutionProperties) = preSolution
		HideSolutionNode = FALSE
	EndGlobalSection
	GlobalSection(ExtensibilityGlobals) = postSolution
		SolutionGuid = {22BF431D-1E94-429C-A191-8725B7847AB1}
	EndGlobalSection
EndGlobal
